// !$*UTF8*$!
{
	archiveVersion = 1;
	classes = {
	};
	objectVersion = 77;
	objects = {

/* Begin PBXContainerItemProxy section */
		ACDDC6EF2F291CDD00727EFF /* PBXContainerItemProxy */ = {
			isa = PBXContainerItemProxy;
			containerPortal = ACDDC6D92F291CDC00727EFF /* Project object */;
			proxyType = 1;
			remoteGlobalIDString = ACDDC6E02F291CDC00727EFF;
			remoteInfo = StarWarsApp;
		};
		ACDDC6F92F291CDD00727EFF /* PBXContainerItemProxy */ = {
			isa = PBXContainerItemProxy;
			containerPortal = ACDDC6D92F291CDC00727EFF /* Project object */;
			proxyType = 1;
			remoteGlobalIDString = ACDDC6E02F291CDC00727EFF;
			remoteInfo = StarWarsApp;
		};
/* End PBXContainerItemProxy section */

/* Begin PBXFileReference section */
		ACDDC6E12F291CDC00727EFF /* StarWarsApp.app */ = {isa = PBXFileReference; explicitFileType = wrapper.application; includeInIndex = 0; path = StarWarsApp.app; sourceTree = BUILT_PRODUCTS_DIR; };
		ACDDC6EE2F291CDD00727EFF /* StarWarsAppTests.xctest */ = {isa = PBXFileReference; explicitFileType = wrapper.cfbundle; includeInIndex = 0; path = StarWarsAppTests.xctest; sourceTree = BUILT_PRODUCTS_DIR; };
		ACDDC6F82F291CDD00727EFF /* StarWarsAppUITests.xctest */ = {isa = PBXFileReference; explicitFileType = wrapper.cfbundle; includeInIndex = 0; path = StarWarsAppUITests.xctest; sourceTree = BUILT_PRODUCTS_DIR; };
/* End PBXFileReference section */

/* Begin PBXFileSystemSynchronizedRootGroup section */
		ACDDC6E32F291CDC00727EFF /* StarWarsApp */ = {
			isa = PBXFileSystemSynchronizedRootGroup;
			path = StarWarsApp;
			sourceTree = "<group>";
		};
		ACDDC6F12F291CDD00727EFF /* StarWarsAppTests */ = {
			isa = PBXFileSystemSynchronizedRootGroup;
			path = StarWarsAppTests;
			sourceTree = "<group>";
		};
		ACDDC6FB2F291CDD00727EFF /* StarWarsAppUITests */ = {
			isa = PBXFileSystemSynchronizedRootGroup;
			path = StarWarsAppUITests;
			sourceTree = "<group>";
		};
/* End PBXFileSystemSynchronizedRootGroup section */

/* Begin PBXFrameworksBuildPhase section */
		ACDDC6DE2F291CDC00727EFF /* Frameworks */ = {
			isa = PBXFrameworksBuildPhase;
			buildActionMask = 2147483647;
			files = (
			);
			runOnlyForDeploymentPostprocessing = 0;
		};
		ACDDC6EB2F291CDD00727EFF /* Frameworks */ = {
			isa = PBXFrameworksBuildPhase;
			buildActionMask = 2147483647;
			files = (
			);
			runOnlyForDeploymentPostprocessing = 0;
		};
		ACDDC6F52F291CDD00727EFF /* Frameworks */ = {
			isa = PBXFrameworksBuildPhase;
			buildActionMask = 2147483647;
			files = (
			);
			runOnlyForDeploymentPostprocessing = 0;
		};
/* End PBXFrameworksBuildPhase section */

/* Begin PBXGroup section */
		ACDDC6D82F291CDC00727EFF = {
			isa = PBXGroup;
			children = (
				ACDDC6E32F291CDC00727EFF /* StarWarsApp */,
				ACDDC6F12F291CDD00727EFF /* StarWarsAppTests */,
				ACDDC6FB2F291CDD00727EFF /* StarWarsAppUITests */,
				ACDDC6E22F291CDC00727EFF /* Products */,
			);
			sourceTree = "<group>";
		};
		ACDDC6E22F291CDC00727EFF /* Products */ = {
			isa = PBXGroup;
			children = (
				ACDDC6E12F291CDC00727EFF /* StarWarsApp.app */,
				ACDDC6EE2F291CDD00727EFF /* StarWarsAppTests.xctest */,
				ACDDC6F82F291CDD00727EFF /* StarWarsAppUITests.xctest */,
			);
			name = Products;
			sourceTree = "<group>";
		};
/* End PBXGroup section */

/* Begin PBXNativeTarget section */
		ACDDC6E02F291CDC00727EFF /* StarWarsApp */ = {
			isa = PBXNativeTarget;
			buildConfigurationList = ACDDC7022F291CDD00727EFF /* Build configuration list for PBXNativeTarget "StarWarsApp" */;
			buildPhases = (
				ACDDC6DD2F291CDC00727EFF /* Sources */,
				ACDDC6DE2F291CDC00727EFF /* Frameworks */,
				ACDDC6DF2F291CDC00727EFF /* Resources */,
			);
			buildRules = (
			);
			dependencies = (
			);
			fileSystemSynchronizedGroups = (
				ACDDC6E32F291CDC00727EFF /* StarWarsApp */,
			);
			name = StarWarsApp;
			packageProductDependencies = (
			);
			productName = StarWarsApp;
			productReference = ACDDC6E12F291CDC00727EFF /* StarWarsApp.app */;
			productType = "com.apple.product-type.application";
		};
		ACDDC6ED2F291CDD00727EFF /* StarWarsAppTests */ = {
			isa = PBXNativeTarget;
			buildConfigurationList = ACDDC7052F291CDD00727EFF /* Build configuration list for PBXNativeTarget "StarWarsAppTests" */;
			buildPhases = (
				ACDDC6EA2F291CDD00727EFF /* Sources */,
				ACDDC6EB2F291CDD00727EFF /* Frameworks */,
				ACDDC6EC2F291CDD00727EFF /* Resources */,
			);
			buildRules = (
			);
			dependencies = (
				ACDDC6F02F291CDD00727EFF /* PBXTargetDependency */,
			);
			fileSystemSynchronizedGroups = (
				ACDDC6F12F291CDD00727EFF /* StarWarsAppTests */,
			);
			name = StarWarsAppTests;
			packageProductDependencies = (
			);
			productName = StarWarsAppTests;
			productReference = ACDDC6EE2F291CDD00727EFF /* StarWarsAppTests.xctest */;
			productType = "com.apple.product-type.bundle.unit-test";
		};
		ACDDC6F72F291CDD00727EFF /* StarWarsAppUITests */ = {
			isa = PBXNativeTarget;
			buildConfigurationList = ACDDC7082F291CDD00727EFF /* Build configuration list for PBXNativeTarget "StarWarsAppUITests" */;
			buildPhases = (
				ACDDC6F42F291CDD00727EFF /* Sources */,
				ACDDC6F52F291CDD00727EFF /* Frameworks */,
				ACDDC6F62F291CDD00727EFF /* Resources */,
			);
			buildRules = (
			);
			dependencies = (
				ACDDC6FA2F291CDD00727EFF /* PBXTargetDependency */,
			);
			fileSystemSynchronizedGroups = (
				ACDDC6FB2F291CDD00727EFF /* StarWarsAppUITests */,
			);
			name = StarWarsAppUITests;
			packageProductDependencies = (
			);
			productName = StarWarsAppUITests;
			productReference = ACDDC6F82F291CDD00727EFF /* StarWarsAppUITests.xctest */;
			productType = "com.apple.product-type.bundle.ui-testing";
		};
/* End PBXNativeTarget section */

/* Begin PBXProject section */
		ACDDC6D92F291CDC00727EFF /* Project object */ = {
			isa = PBXProject;
			attributes = {
				BuildIndependentTargetsInParallel = 1;
				LastSwiftUpdateCheck = 1640;
				LastUpgradeCheck = 1640;
				TargetAttributes = {
					ACDDC6E02F291CDC00727EFF = {
						CreatedOnToolsVersion = 16.4;
					};
					ACDDC6ED2F291CDD00727EFF = {
						CreatedOnToolsVersion = 16.4;
						TestTargetID = ACDDC6E02F291CDC00727EFF;
					};
					ACDDC6F72F291CDD00727EFF = {
						CreatedOnToolsVersion = 16.4;
						TestTargetID = ACDDC6E02F291CDC00727EFF;
					};
				};
			};
			buildConfigurationList = ACDDC6DC2F291CDC00727EFF /* Build configuration list for PBXProject "StarWarsApp" */;
			developmentRegion = en;
			hasScannedForEncodings = 0;
			knownRegions = (
				en,
				Base,
			);
			mainGroup = ACDDC6D82F291CDC00727EFF;
			minimizedProjectReferenceProxies = 1;
			preferredProjectObjectVersion = 77;
			productRefGroup = ACDDC6E22F291CDC00727EFF /* Products */;
			projectDirPath = "";
			projectRoot = "";
			targets = (
				ACDDC6E02F291CDC00727EFF /* StarWarsApp */,
				ACDDC6ED2F291CDD00727EFF /* StarWarsAppTests */,
				ACDDC6F72F291CDD00727EFF /* StarWarsAppUITests */,
			);
		};
/* End PBXProject section */

/* Begin PBXResourcesBuildPhase section */
		ACDDC6DF2F291CDC00727EFF /* Resources */ = {
			isa = PBXResourcesBuildPhase;
			buildActionMask = 2147483647;
			files = (
			);
			runOnlyForDeploymentPostprocessing = 0;
		};
		ACDDC6EC2F291CDD00727EFF /* Resources */ = {
			isa = PBXResourcesBuildPhase;
			buildActionMask = 2147483647;
			files = (
			);
			runOnlyForDeploymentPostprocessing = 0;
		};
		ACDDC6F62F291CDD00727EFF /* Resources */ = {
			isa = PBXResourcesBuildPhase;
			buildActionMask = 2147483647;
			files = (
			);
			runOnlyForDeploymentPostprocessing = 0;
		};
/* End PBXResourcesBuildPhase section */

/* Begin PBXSourcesBuildPhase section */
		ACDDC6DD2F291CDC00727EFF /* Sources */ = {
			isa = PBXSourcesBuildPhase;
			buildActionMask = 2147483647;
			files = (
			);
			runOnlyForDeploymentPostprocessing = 0;
		};
		ACDDC6EA2F291CDD00727EFF /* Sources */ = {
			isa = PBXSourcesBuildPhase;
			buildActionMask = 2147483647;
			files = (
			);
			runOnlyForDeploymentPostprocessing = 0;
		};
		ACDDC6F42F291CDD00727EFF /* Sources */ = {
			isa = PBXSourcesBuildPhase;
			buildActionMask = 2147483647;
			files = (
			);
			runOnlyForDeploymentPostprocessing = 0;
		};
/* End PBXSourcesBuildPhase section */

/* Begin PBXTargetDependency section */
		ACDDC6F02F291CDD00727EFF /* PBXTargetDependency */ = {
			isa = PBXTargetDependency;
			target = ACDDC6E02F291CDC00727EFF /* StarWarsApp */;
			targetProxy = ACDDC6EF2F291CDD00727EFF /* PBXContainerItemProxy */;
		};
		ACDDC6FA2F291CDD00727EFF /* PBXTargetDependency */ = {
			isa = PBXTargetDependency;
			target = ACDDC6E02F291CDC00727EFF /* StarWarsApp */;
			targetProxy = ACDDC6F92F291CDD00727EFF /* PBXContainerItemProxy */;
		};
/* End PBXTargetDependency section */

/* Begin XCBuildConfiguration section */
		ACDDC7002F291CDD00727EFF /* Debug */ = {
			isa = XCBuildConfiguration;
			buildSettings = {
				ALWAYS_SEARCH_USER_PATHS = NO;
				ASSETCATALOG_COMPILER_GENERATE_SWIFT_ASSET_SYMBOL_EXTENSIONS = YES;
				CLANG_ANALYZER_NONNULL = YES;
				CLANG_ANALYZER_NUMBER_OBJECT_CONVERSION = YES_AGGRESSIVE;
				CLANG_CXX_LANGUAGE_STANDARD = "gnu++20";
				CLANG_ENABLE_MODULES = YES;
				CLANG_ENABLE_OBJC_ARC = YES;
				CLANG_ENABLE_OBJC_WEAK = YES;
				CLANG_WARN_BLOCK_CAPTURE_AUTORELEASING = YES;
				CLANG_WARN_BOOL_CONVERSION = YES;
				CLANG_WARN_COMMA = YES;
				CLANG_WARN_CONSTANT_CONVERSION = YES;
				CLANG_WARN_DEPRECATED_OBJC_IMPLEMENTATIONS = YES;
				CLANG_WARN_DIRECT_OBJC_ISA_USAGE = YES_ERROR;
				CLANG_WARN_DOCUMENTATION_COMMENTS = YES;
				CLANG_WARN_EMPTY_BODY = YES;
				CLANG_WARN_ENUM_CONVERSION = YES;
				CLANG_WARN_INFINITE_RECURSION = YES;
				CLANG_WARN_INT_CONVERSION = YES;
				CLANG_WARN_NON_LITERAL_NULL_CONVERSION = YES;
				CLANG_WARN_OBJC_IMPLICIT_RETAIN_SELF = YES;
				CLANG_WARN_OBJC_LITERAL_CONVERSION = YES;
				CLANG_WARN_OBJC_ROOT_CLASS = YES_ERROR;
				CLANG_WARN_QUOTED_INCLUDE_IN_FRAMEWORK_HEADER = YES;
				CLANG_WARN_RANGE_LOOP_ANALYSIS = YES;
				CLANG_WARN_STRICT_PROTOTYPES = YES;
				CLANG_WARN_SUSPICIOUS_MOVE = YES;
				CLANG_WARN_UNGUARDED_AVAILABILITY = YES_AGGRESSIVE;
				CLANG_WARN_UNREACHABLE_CODE = YES;
				CLANG_WARN__DUPLICATE_METHOD_MATCH = YES;
				COPY_PHASE_STRIP = NO;
				DEBUG_INFORMATION_FORMAT = dwarf;
				DEVELOPMENT_TEAM = SMXP77BW83;
				ENABLE_STRICT_OBJC_MSGSEND = YES;
				ENABLE_TESTABILITY = YES;
				ENABLE_USER_SCRIPT_SANDBOXING = YES;
				GCC_C_LANGUAGE_STANDARD = gnu17;
				GCC_DYNAMIC_NO_PIC = NO;
				GCC_NO_COMMON_BLOCKS = YES;
				GCC_OPTIMIZATION_LEVEL = 0;
				GCC_PREPROCESSOR_DEFINITIONS = (
					"DEBUG=1",
					"$(inherited)",
				);
				GCC_WARN_64_TO_32_BIT_CONVERSION = YES;
				GCC_WARN_ABOUT_RETURN_TYPE = YES_ERROR;
				GCC_WARN_UNDECLARED_SELECTOR = YES;
				GCC_WARN_UNINITIALIZED_AUTOS = YES_AGGRESSIVE;
				GCC_WARN_UNUSED_FUNCTION = YES;
				GCC_WARN_UNUSED_VARIABLE = YES;
				IPHONEOS_DEPLOYMENT_TARGET = 18.5;
				LOCALIZATION_PREFERS_STRING_CATALOGS = YES;
				MTL_ENABLE_DEBUG_INFO = INCLUDE_SOURCE;
				MTL_FAST_MATH = YES;
				ONLY_ACTIVE_ARCH = YES;
				SDKROOT = iphoneos;
				SWIFT_ACTIVE_COMPILATION_CONDITIONS = "DEBUG $(inherited)";
				SWIFT_OPTIMIZATION_LEVEL = "-Onone";
			};
			name = Debug;
		};
		ACDDC7012F291CDD00727EFF /* Release */ = {
			isa = XCBuildConfiguration;
			buildSettings = {
				ALWAYS_SEARCH_USER_PATHS = NO;
				ASSETCATALOG_COMPILER_GENERATE_SWIFT_ASSET_SYMBOL_EXTENSIONS = YES;
				CLANG_ANALYZER_NONNULL = YES;
				CLANG_ANALYZER_NUMBER_OBJECT_CONVERSION = YES_AGGRESSIVE;
				CLANG_CXX_LANGUAGE_STANDARD = "gnu++20";
				CLANG_ENABLE_MODULES = YES;
				CLANG_ENABLE_OBJC_ARC = YES;
				CLANG_ENABLE_OBJC_WEAK = YES;
				CLANG_WARN_BLOCK_CAPTURE_AUTORELEASING = YES;
				CLANG_WARN_BOOL_CONVERSION = YES;
				CLANG_WARN_COMMA = YES;
				CLANG_WARN_CONSTANT_CONVERSION = YES;
				CLANG_WARN_DEPRECATED_OBJC_IMPLEMENTATIONS = YES;
				CLANG_WARN_DIRECT_OBJC_ISA_USAGE = YES_ERROR;
				CLANG_WARN_DOCUMENTATION_COMMENTS = YES;
				CLANG_WARN_EMPTY_BODY = YES;
				CLANG_WARN_ENUM_CONVERSION = YES;
				CLANG_WARN_INFINITE_RECURSION = YES;
				CLANG_WARN_INT_CONVERSION = YES;
				CLANG_WARN_NON_LITERAL_NULL_CONVERSION = YES;
				CLANG_WARN_OBJC_IMPLICIT_RETAIN_SELF = YES;
				CLANG_WARN_OBJC_LITERAL_CONVERSION = YES;
				CLANG_WARN_OBJC_ROOT_CLASS = YES_ERROR;
				CLANG_WARN_QUOTED_INCLUDE_IN_FRAMEWORK_HEADER = YES;
				CLANG_WARN_RANGE_LOOP_ANALYSIS = YES;
				CLANG_WARN_STRICT_PROTOTYPES = YES;
				CLANG_WARN_SUSPICIOUS_MOVE = YES;
				CLANG_WARN_UNGUARDED_AVAILABILITY = YES_AGGRESSIVE;
				CLANG_WARN_UNREACHABLE_CODE = YES;
				CLANG_WARN__DUPLICATE_METHOD_MATCH = YES;
				COPY_PHASE_STRIP = NO;
				DEBUG_INFORMATION_FORMAT = "dwarf-with-dsym";
				DEVELOPMENT_TEAM = SMXP77BW83;
				ENABLE_NS_ASSERTIONS = NO;
				ENABLE_STRICT_OBJC_MSGSEND = YES;
				ENABLE_USER_SCRIPT_SANDBOXING = YES;
				GCC_C_LANGUAGE_STANDARD = gnu17;
				GCC_NO_COMMON_BLOCKS = YES;
				GCC_WARN_64_TO_32_BIT_CONVERSION = YES;
				GCC_WARN_ABOUT_RETURN_TYPE = YES_ERROR;
				GCC_WARN_UNDECLARED_SELECTOR = YES;
				GCC_WARN_UNINITIALIZED_AUTOS = YES_AGGRESSIVE;
				GCC_WARN_UNUSED_FUNCTION = YES;
				GCC_WARN_UNUSED_VARIABLE = YES;
				IPHONEOS_DEPLOYMENT_TARGET = 18.5;
				LOCALIZATION_PREFERS_STRING_CATALOGS = YES;
				MTL_ENABLE_DEBUG_INFO = NO;
				MTL_FAST_MATH = YES;
				SDKROOT = iphoneos;
				SWIFT_COMPILATION_MODE = wholemodule;
				VALIDATE_PRODUCT = YES;
			};
			name = Release;
		};
		ACDDC7032F291CDD00727EFF /* Debug */ = {
			isa = XCBuildConfiguration;
			buildSettings = {
				ASSETCATALOG_COMPILER_APPICON_NAME = AppIcon;
				ASSETCATALOG_COMPILER_GLOBAL_ACCENT_COLOR_NAME = AccentColor;
				CODE_SIGN_STYLE = Automatic;
				CURRENT_PROJECT_VERSION = 1;
				DEVELOPMENT_TEAM = SMXP77BW83;
				ENABLE_PREVIEWS = YES;
				GENERATE_INFOPLIST_FILE = YES;
				INFOPLIST_KEY_UIApplicationSceneManifest_Generation = YES;
				INFOPLIST_KEY_UIApplicationSupportsIndirectInputEvents = YES;
				INFOPLIST_KEY_UILaunchScreen_Generation = YES;
				INFOPLIST_KEY_UISupportedInterfaceOrientations_iPad = "UIInterfaceOrientationPortrait UIInterfaceOrientationPortraitUpsideDown UIInterfaceOrientationLandscapeLeft UIInterfaceOrientationLandscapeRight";
				INFOPLIST_KEY_UISupportedInterfaceOrientations_iPhone = "UIInterfaceOrientationPortrait UIInterfaceOrientationLandscapeLeft UIInterfaceOrientationLandscapeRight";
				LD_RUNPATH_SEARCH_PATHS = (
					"$(inherited)",
					"@executable_path/Frameworks",
				);
				MARKETING_VERSION = 1.0;
				PRODUCT_BUNDLE_IDENTIFIER = Sapo.StarWarsApp;
				PRODUCT_NAME = "$(TARGET_NAME)";
				SWIFT_EMIT_LOC_STRINGS = YES;
				SWIFT_VERSION = 5.0;
				TARGETED_DEVICE_FAMILY = "1,2";
			};
			name = Debug;
		};
		ACDDC7042F291CDD00727EFF /* Release */ = {
			isa = XCBuildConfiguration;
			buildSettings = {
				ASSETCATALOG_COMPILER_APPICON_NAME = AppIcon;
				ASSETCATALOG_COMPILER_GLOBAL_ACCENT_COLOR_NAME = AccentColor;
				CODE_SIGN_STYLE = Automatic;
				CURRENT_PROJECT_VERSION = 1;
				DEVELOPMENT_TEAM = SMXP77BW83;
				ENABLE_PREVIEWS = YES;
				GENERATE_INFOPLIST_FILE = YES;
				INFOPLIST_KEY_UIApplicationSceneManifest_Generation = YES;
				INFOPLIST_KEY_UIApplicationSupportsIndirectInputEvents = YES;
				INFOPLIST_KEY_UILaunchScreen_Generation = YES;
				INFOPLIST_KEY_UISupportedInterfaceOrientations_iPad = "UIInterfaceOrientationPortrait UIInterfaceOrientationPortraitUpsideDown UIInterfaceOrientationLandscapeLeft UIInterfaceOrientationLandscapeRight";
				INFOPLIST_KEY_UISupportedInterfaceOrientations_iPhone = "UIInterfaceOrientationPortrait UIInterfaceOrientationLandscapeLeft UIInterfaceOrientationLandscapeRight";
				LD_RUNPATH_SEARCH_PATHS = (
					"$(inherited)",
					"@executable_path/Frameworks",
				);
				MARKETING_VERSION = 1.0;
				PRODUCT_BUNDLE_IDENTIFIER = Sapo.StarWarsApp;
				PRODUCT_NAME = "$(TARGET_NAME)";
				SWIFT_EMIT_LOC_STRINGS = YES;
				SWIFT_VERSION = 5.0;
				TARGETED_DEVICE_FAMILY = "1,2";
			};
			name = Release;
		};
		ACDDC7062F291CDD00727EFF /* Debug */ = {
			isa = XCBuildConfiguration;
			buildSettings = {
				BUNDLE_LOADER = "$(TEST_HOST)";
				CODE_SIGN_STYLE = Automatic;
				CURRENT_PROJECT_VERSION = 1;
				DEVELOPMENT_TEAM = SMXP77BW83;
				GENERATE_INFOPLIST_FILE = YES;
				IPHONEOS_DEPLOYMENT_TARGET = 18.5;
				MARKETING_VERSION = 1.0;
				PRODUCT_BUNDLE_IDENTIFIER = Sapo.StarWarsAppTests;
				PRODUCT_NAME = "$(TARGET_NAME)";
				SWIFT_EMIT_LOC_STRINGS = NO;
				SWIFT_VERSION = 5.0;
				TARGETED_DEVICE_FAMILY = "1,2";
				TEST_HOST = "$(BUILT_PRODUCTS_DIR)/StarWarsApp.app/$(BUNDLE_EXECUTABLE_FOLDER_PATH)/StarWarsApp";
			};
			name = Debug;
		};
		ACDDC7072F291CDD00727EFF /* Release */ = {
			isa = XCBuildConfiguration;
			buildSettings = {
				BUNDLE_LOADER = "$(TEST_HOST)";
				CODE_SIGN_STYLE = Automatic;
				CURRENT_PROJECT_VERSION = 1;
				DEVELOPMENT_TEAM = SMXP77BW83;
				GENERATE_INFOPLIST_FILE = YES;
				IPHONEOS_DEPLOYMENT_TARGET = 18.5;
				MARKETING_VERSION = 1.0;
				PRODUCT_BUNDLE_IDENTIFIER = Sapo.StarWarsAppTests;
				PRODUCT_NAME = "$(TARGET_NAME)";
				SWIFT_EMIT_LOC_STRINGS = NO;
				SWIFT_VERSION = 5.0;
				TARGETED_DEVICE_FAMILY = "1,2";
				TEST_HOST = "$(BUILT_PRODUCTS_DIR)/StarWarsApp.app/$(BUNDLE_EXECUTABLE_FOLDER_PATH)/StarWarsApp";
			};
			name = Release;
		};
		ACDDC7092F291CDD00727EFF /* Debug */ = {
			isa = XCBuildConfiguration;
			buildSettings = {
				CODE_SIGN_STYLE = Automatic;
				CURRENT_PROJECT_VERSION = 1;
				DEVELOPMENT_TEAM = SMXP77BW83;
				GENERATE_INFOPLIST_FILE = YES;
				MARKETING_VERSION = 1.0;
				PRODUCT_BUNDLE_IDENTIFIER = Sapo.StarWarsAppUITests;
				PRODUCT_NAME = "$(TARGET_NAME)";
				SWIFT_EMIT_LOC_STRINGS = NO;
				SWIFT_VERSION = 5.0;
				TARGETED_DEVICE_FAMILY = "1,2";
				TEST_TARGET_NAME = StarWarsApp;
			};
			name = Debug;
		};
		ACDDC70A2F291CDD00727EFF /* Release */ = {
			isa = XCBuildConfiguration;
			buildSettings = {
				CODE_SIGN_STYLE = Automatic;
				CURRENT_PROJECT_VERSION = 1;
				DEVELOPMENT_TEAM = SMXP77BW83;
				GENERATE_INFOPLIST_FILE = YES;
				MARKETING_VERSION = 1.0;
				PRODUCT_BUNDLE_IDENTIFIER = Sapo.StarWarsAppUITests;
				PRODUCT_NAME = "$(TARGET_NAME)";
				SWIFT_EMIT_LOC_STRINGS = NO;
				SWIFT_VERSION = 5.0;
				TARGETED_DEVICE_FAMILY = "1,2";
				TEST_TARGET_NAME = StarWarsApp;
			};
			name = Release;
		};
/* End XCBuildConfiguration section */

/* Begin XCConfigurationList section */
		ACDDC6DC2F291CDC00727EFF /* Build configuration list for PBXProject "StarWarsApp" */ = {
			isa = XCConfigurationList;
			buildConfigurations = (
				ACDDC7002F291CDD00727EFF /* Debug */,
				ACDDC7012F291CDD00727EFF /* Release */,
			);
			defaultConfigurationIsVisible = 0;
			defaultConfigurationName = Release;
		};
		ACDDC7022F291CDD00727EFF /* Build configuration list for PBXNativeTarget "StarWarsApp" */ = {
			isa = XCConfigurationList;
			buildConfigurations = (
				ACDDC7032F291CDD00727EFF /* Debug */,
				ACDDC7042F291CDD00727EFF /* Release */,
			);
			defaultConfigurationIsVisible = 0;
			defaultConfigurationName = Release;
		};
		ACDDC7052F291CDD00727EFF /* Build configuration list for PBXNativeTarget "StarWarsAppTests" */ = {
			isa = XCConfigurationList;
			buildConfigurations = (
				ACDDC7062F291CDD00727EFF /* Debug */,
				ACDDC7072F291CDD00727EFF /* Release */,
			);
			defaultConfigurationIsVisible = 0;
			defaultConfigurationName = Release;
		};
		ACDDC7082F291CDD00727EFF /* Build configuration list for PBXNativeTarget "StarWarsAppUITests" */ = {
			isa = XCConfigurationList;
			buildConfigurations = (
				ACDDC7092F291CDD00727EFF /* Debug */,
				ACDDC70A2F291CDD00727EFF /* Release */,
			);
			defaultConfigurationIsVisible = 0;
			defaultConfigurationName = Release;
		};
/* End XCConfigurationList section */
	};
	rootObject = ACDDC6D92F291CDC00727EFF /* Project object */;
}
